
Microsoft Visual Studio Solution File, Format Version 12.00
# Visual Studio Version 17
VisualStudioVersion = 17.11.35303.130
MinimumVisualStudioVersion = 10.0.40219.1
Project("{FAE04EC0-301F-11D3-BF4B-00C04F79EFBC}") = "FunctionApp1", "FunctionApp1.csproj", "{C0883416-E165-49F3-BAFF-844C0F1CA9EE}"
EndProject
Global
	GlobalSection(SolutionConfigurationPlatforms) = preSolution
		Debug|Any CPU = Debug|Any CPU
		Release|Any CPU = Release|Any CPU
	EndGlobalSection
	GlobalSection(ProjectConfigurationPlatforms) = postSolution
		{C0883416-E165-49F3-BAFF-844C0F1CA9EE}.Debug|Any CPU.ActiveCfg = Debug|Any CPU
		{C0883416-E165-49F3-BAFF-844C0F1CA9EE}.Debug|Any CPU.Build.0 = Debug|Any CPU
		{C0883416-E165-49F3-BAFF-844C0F1CA9EE}.Release|Any CPU.ActiveCfg = Release|Any CPU
		{C0883416-E165-49F3-BAFF-844C0F1CA9EE}.Release|Any CPU.Build.0 = Release|Any CPU
	EndGlobalSection
	GlobalSection(SolutionProperties) = preSolution
		HideSolutionNode = FALSE
	EndGlobalSection
	GlobalSection(ExtensibilityGlobals) = postSolution
		SolutionGuid = {52B39209-CAC4-4B78-8841-0E7BC049D77A}
	EndGlobalSection
EndGlobal
